
Microsoft Visual Studio Solution File, Format Version 12.00
# Visual Studio Version 17
VisualStudioVersion = 17.10.34928.147
MinimumVisualStudioVersion = 10.0.40219.1
Project("{FAE04EC0-301F-11D3-BF4B-00C04F79EFBC}") = "ChatGPTo1_SideScroller_Demo", "ChatGPTo1_SideScroller_Demo\ChatGPTo1_SideScroller_Demo.csproj", "{BC252C71-3E14-4D00-BA53-F7C7545D3931}"
EndProject
Global
	GlobalSection(SolutionConfigurationPlatforms) = preSolution
		Debug|Any CPU = Debug|Any CPU
		Release|Any CPU = Release|Any CPU
	EndGlobalSection
	GlobalSection(ProjectConfigurationPlatforms) = postSolution
		{BC252C71-3E14-4D00-BA53-F7C7545D3931}.Debug|Any CPU.ActiveCfg = Debug|Any CPU
		{BC252C71-3E14-4D00-BA53-F7C7545D3931}.Debug|Any CPU.Build.0 = Debug|Any CPU
		{BC252C71-3E14-4D00-BA53-F7C7545D3931}.Release|Any CPU.ActiveCfg = Release|Any CPU
		{BC252C71-3E14-4D00-BA53-F7C7545D3931}.Release|Any CPU.Build.0 = Release|Any CPU
	EndGlobalSection
	GlobalSection(SolutionProperties) = preSolution
		HideSolutionNode = FALSE
	EndGlobalSection
	GlobalSection(ExtensibilityGlobals) = postSolution
		SolutionGuid = {11A2DD6B-1089-4FFA-B7A9-CDA699019189}
	EndGlobalSection
EndGlobal
